// !$*UTF8*$!
{
	archiveVersion = 1;
	classes = {
	};
	objectVersion = 56;
	objects = {

/* Begin PBXBuildFile section */
		F6418B8B2C56E47A00DED462 /* CurrentWeather.json in Resources */ = {isa = PBXBuildFile; fileRef = F6418B8A2C56E47A00DED462 /* CurrentWeather.json */; };
		F6418B8F2C56E50B00DED462 /* CurrentWeather.swift in Sources */ = {isa = PBXBuildFile; fileRef = F6418B8E2C56E50B00DED462 /* CurrentWeather.swift */; };
		F6418B922C56E87E00DED462 /* Api.swift in Sources */ = {isa = PBXBuildFile; fileRef = F6418B912C56E87E00DED462 /* Api.swift */; };
		F6418B942C56F38E00DED462 /* CurrentWeatherVancouver.json in Resources */ = {isa = PBXBuildFile; fileRef = F6418B932C56F38E00DED462 /* CurrentWeatherVancouver.json */; };
		F6B7F99A2C56DCC50007AFC4 /* WeeklyForecastDetailRow.swift in Sources */ = {isa = PBXBuildFile; fileRef = F6B7F9992C56DCC50007AFC4 /* WeeklyForecastDetailRow.swift */; };
		F6D4B5F92C55BEE9005041E8 /* AppDelegate.swift in Sources */ = {isa = PBXBuildFile; fileRef = F6D4B5F82C55BEE9005041E8 /* AppDelegate.swift */; };
		F6D4B5FB2C55BEE9005041E8 /* SceneDelegate.swift in Sources */ = {isa = PBXBuildFile; fileRef = F6D4B5FA2C55BEE9005041E8 /* SceneDelegate.swift */; };
		F6D4B5FD2C55BEE9005041E8 /* HomeVC.swift in Sources */ = {isa = PBXBuildFile; fileRef = F6D4B5FC2C55BEE9005041E8 /* HomeVC.swift */; };
		F6D4B6002C55BEE9005041E8 /* Base in Resources */ = {isa = PBXBuildFile; fileRef = F6D4B5FF2C55BEE9005041E8 /* Base */; };
		F6D4B6022C55BEEA005041E8 /* Assets.xcassets in Resources */ = {isa = PBXBuildFile; fileRef = F6D4B6012C55BEEA005041E8 /* Assets.xcassets */; };
		F6D4B6052C55BEEA005041E8 /* Base in Resources */ = {isa = PBXBuildFile; fileRef = F6D4B6042C55BEEA005041E8 /* Base */; };
		F6D4B60F2C55F33E005041E8 /* HomeTopRow.swift in Sources */ = {isa = PBXBuildFile; fileRef = F6D4B60E2C55F33E005041E8 /* HomeTopRow.swift */; };
		F6D4B6112C55F355005041E8 /* HomeCarouselRow.swift in Sources */ = {isa = PBXBuildFile; fileRef = F6D4B6102C55F355005041E8 /* HomeCarouselRow.swift */; };
		F6D4B6132C55F367005041E8 /* HomeWeeklyForecastRow.swift in Sources */ = {isa = PBXBuildFile; fileRef = F6D4B6122C55F367005041E8 /* HomeWeeklyForecastRow.swift */; };
		F6D4B6172C560192005041E8 /* DailyForecastCell.swift in Sources */ = {isa = PBXBuildFile; fileRef = F6D4B6162C560192005041E8 /* DailyForecastCell.swift */; };
/* End PBXBuildFile section */

/* Begin PBXFileReference section */
		F6418B8A2C56E47A00DED462 /* CurrentWeather.json */ = {isa = PBXFileReference; fileEncoding = 4; lastKnownFileType = text.json; name = CurrentWeather.json; path = WeatherApp/SampleJSONs/CurrentWeather.json; sourceTree = SOURCE_ROOT; };
		F6418B8E2C56E50B00DED462 /* CurrentWeather.swift */ = {isa = PBXFileReference; lastKnownFileType = sourcecode.swift; path = CurrentWeather.swift; sourceTree = "<group>"; };
		F6418B912C56E87E00DED462 /* Api.swift */ = {isa = PBXFileReference; lastKnownFileType = sourcecode.swift; path = Api.swift; sourceTree = "<group>"; };
		F6418B932C56F38E00DED462 /* CurrentWeatherVancouver.json */ = {isa = PBXFileReference; fileEncoding = 4; lastKnownFileType = text.json; path = CurrentWeatherVancouver.json; sourceTree = "<group>"; };
		F6B7F9992C56DCC50007AFC4 /* WeeklyForecastDetailRow.swift */ = {isa = PBXFileReference; lastKnownFileType = sourcecode.swift; path = WeeklyForecastDetailRow.swift; sourceTree = "<group>"; };
		F6D4B5F52C55BEE9005041E8 /* WeatherApp.app */ = {isa = PBXFileReference; explicitFileType = wrapper.application; includeInIndex = 0; path = WeatherApp.app; sourceTree = BUILT_PRODUCTS_DIR; };
		F6D4B5F82C55BEE9005041E8 /* AppDelegate.swift */ = {isa = PBXFileReference; lastKnownFileType = sourcecode.swift; path = AppDelegate.swift; sourceTree = "<group>"; };
		F6D4B5FA2C55BEE9005041E8 /* SceneDelegate.swift */ = {isa = PBXFileReference; lastKnownFileType = sourcecode.swift; path = SceneDelegate.swift; sourceTree = "<group>"; };
		F6D4B5FC2C55BEE9005041E8 /* HomeVC.swift */ = {isa = PBXFileReference; lastKnownFileType = sourcecode.swift; path = HomeVC.swift; sourceTree = "<group>"; };
		F6D4B5FF2C55BEE9005041E8 /* Base */ = {isa = PBXFileReference; lastKnownFileType = file.storyboard; name = Base; path = Base.lproj/Main.storyboard; sourceTree = "<group>"; };
		F6D4B6012C55BEEA005041E8 /* Assets.xcassets */ = {isa = PBXFileReference; lastKnownFileType = folder.assetcatalog; path = Assets.xcassets; sourceTree = "<group>"; };
		F6D4B6042C55BEEA005041E8 /* Base */ = {isa = PBXFileReference; lastKnownFileType = file.storyboard; name = Base; path = Base.lproj/LaunchScreen.storyboard; sourceTree = "<group>"; };
		F6D4B6062C55BEEA005041E8 /* Info.plist */ = {isa = PBXFileReference; lastKnownFileType = text.plist.xml; path = Info.plist; sourceTree = "<group>"; };
		F6D4B60E2C55F33E005041E8 /* HomeTopRow.swift */ = {isa = PBXFileReference; lastKnownFileType = sourcecode.swift; path = HomeTopRow.swift; sourceTree = "<group>"; };
		F6D4B6102C55F355005041E8 /* HomeCarouselRow.swift */ = {isa = PBXFileReference; lastKnownFileType = sourcecode.swift; path = HomeCarouselRow.swift; sourceTree = "<group>"; };
		F6D4B6122C55F367005041E8 /* HomeWeeklyForecastRow.swift */ = {isa = PBXFileReference; lastKnownFileType = sourcecode.swift; path = HomeWeeklyForecastRow.swift; sourceTree = "<group>"; };
		F6D4B6162C560192005041E8 /* DailyForecastCell.swift */ = {isa = PBXFileReference; lastKnownFileType = sourcecode.swift; path = DailyForecastCell.swift; sourceTree = "<group>"; };
/* End PBXFileReference section */

/* Begin PBXFrameworksBuildPhase section */
		F6D4B5F22C55BEE9005041E8 /* Frameworks */ = {
			isa = PBXFrameworksBuildPhase;
			buildActionMask = 2147483647;
			files = (
			);
			runOnlyForDeploymentPostprocessing = 0;
		};
/* End PBXFrameworksBuildPhase section */

/* Begin PBXGroup section */
		F6418B8D2C56E4DF00DED462 /* Models */ = {
			isa = PBXGroup;
			children = (
				F6418B8E2C56E50B00DED462 /* CurrentWeather.swift */,
			);
			name = Models;
			path = App/Models;
			sourceTree = "<group>";
		};
		F6418B902C56E85E00DED462 /* SampleJSONs */ = {
			isa = PBXGroup;
			children = (
				F6418B8A2C56E47A00DED462 /* CurrentWeather.json */,
				F6418B932C56F38E00DED462 /* CurrentWeatherVancouver.json */,
			);
			path = SampleJSONs;
			sourceTree = "<group>";
		};
		F6D4B5EC2C55BEE9005041E8 = {
			isa = PBXGroup;
			children = (
				F6D4B5F72C55BEE9005041E8 /* WeatherApp */,
				F6D4B5F62C55BEE9005041E8 /* Products */,
			);
			sourceTree = "<group>";
		};
		F6D4B5F62C55BEE9005041E8 /* Products */ = {
			isa = PBXGroup;
			children = (
				F6D4B5F52C55BEE9005041E8 /* WeatherApp.app */,
			);
			name = Products;
			sourceTree = "<group>";
		};
		F6D4B5F72C55BEE9005041E8 /* WeatherApp */ = {
			isa = PBXGroup;
			children = (
				F6D4B6012C55BEEA005041E8 /* Assets.xcassets */,
				F6D4B6062C55BEEA005041E8 /* Info.plist */,
				F6418B902C56E85E00DED462 /* SampleJSONs */,
				F6418B8D2C56E4DF00DED462 /* Models */,
				F6D4B60D2C55F2FC005041E8 /* App */,
				F6D4B60C2C55F2E6005041E8 /* HomeVC */,
			);
			path = WeatherApp;
			sourceTree = "<group>";
		};
		F6D4B60C2C55F2E6005041E8 /* HomeVC */ = {
			isa = PBXGroup;
			children = (
				F6D4B5FE2C55BEE9005041E8 /* Main.storyboard */,
				F6D4B5FC2C55BEE9005041E8 /* HomeVC.swift */,
				F6D4B6182C560372005041E8 /* TopRow */,
				F6D4B6192C56037C005041E8 /* MiddleRow */,
				F6D4B61B2C5603B5005041E8 /* BottomRow */,
			);
			path = HomeVC;
			sourceTree = "<group>";
		};
		F6D4B60D2C55F2FC005041E8 /* App */ = {
			isa = PBXGroup;
			children = (
				F6D4B5F82C55BEE9005041E8 /* AppDelegate.swift */,
				F6D4B5FA2C55BEE9005041E8 /* SceneDelegate.swift */,
				F6D4B6032C55BEEA005041E8 /* LaunchScreen.storyboard */,
				F6418B912C56E87E00DED462 /* Api.swift */,
			);
			path = App;
			sourceTree = "<group>";
		};
		F6D4B6182C560372005041E8 /* TopRow */ = {
			isa = PBXGroup;
			children = (
				F6D4B60E2C55F33E005041E8 /* HomeTopRow.swift */,
			);
			path = TopRow;
			sourceTree = "<group>";
		};
		F6D4B6192C56037C005041E8 /* MiddleRow */ = {
			isa = PBXGroup;
			children = (
				F6D4B6102C55F355005041E8 /* HomeCarouselRow.swift */,
				F6D4B6162C560192005041E8 /* DailyForecastCell.swift */,
			);
			path = MiddleRow;
			sourceTree = "<group>";
		};
		F6D4B61B2C5603B5005041E8 /* BottomRow */ = {
			isa = PBXGroup;
			children = (
				F6D4B6122C55F367005041E8 /* HomeWeeklyForecastRow.swift */,
				F6B7F9992C56DCC50007AFC4 /* WeeklyForecastDetailRow.swift */,
			);
			path = BottomRow;
			sourceTree = "<group>";
		};
/* End PBXGroup section */

/* Begin PBXNativeTarget section */
		F6D4B5F42C55BEE9005041E8 /* WeatherApp */ = {
			isa = PBXNativeTarget;
			buildConfigurationList = F6D4B6092C55BEEA005041E8 /* Build configuration list for PBXNativeTarget "WeatherApp" */;
			buildPhases = (
				F6D4B5F12C55BEE9005041E8 /* Sources */,
				F6D4B5F22C55BEE9005041E8 /* Frameworks */,
				F6D4B5F32C55BEE9005041E8 /* Resources */,
			);
			buildRules = (
			);
			dependencies = (
			);
			name = WeatherApp;
			productName = WeatherApp;
			productReference = F6D4B5F52C55BEE9005041E8 /* WeatherApp.app */;
			productType = "com.apple.product-type.application";
		};
/* End PBXNativeTarget section */

/* Begin PBXProject section */
		F6D4B5ED2C55BEE9005041E8 /* Project object */ = {
			isa = PBXProject;
			attributes = {
				BuildIndependentTargetsInParallel = 1;
				LastSwiftUpdateCheck = 1540;
				LastUpgradeCheck = 1540;
				TargetAttributes = {
					F6D4B5F42C55BEE9005041E8 = {
						CreatedOnToolsVersion = 15.4;
					};
				};
			};
			buildConfigurationList = F6D4B5F02C55BEE9005041E8 /* Build configuration list for PBXProject "WeatherApp" */;
			compatibilityVersion = "Xcode 14.0";
			developmentRegion = en;
			hasScannedForEncodings = 0;
			knownRegions = (
				en,
				Base,
			);
			mainGroup = F6D4B5EC2C55BEE9005041E8;
			productRefGroup = F6D4B5F62C55BEE9005041E8 /* Products */;
			projectDirPath = "";
			projectRoot = "";
			targets = (
				F6D4B5F42C55BEE9005041E8 /* WeatherApp */,
			);
		};
/* End PBXProject section */

/* Begin PBXResourcesBuildPhase section */
		F6D4B5F32C55BEE9005041E8 /* Resources */ = {
			isa = PBXResourcesBuildPhase;
			buildActionMask = 2147483647;
			files = (
				F6D4B6022C55BEEA005041E8 /* Assets.xcassets in Resources */,
				F6D4B6052C55BEEA005041E8 /* Base in Resources */,
				F6418B942C56F38E00DED462 /* CurrentWeatherVancouver.json in Resources */,
				F6418B8B2C56E47A00DED462 /* CurrentWeather.json in Resources */,
				F6D4B6002C55BEE9005041E8 /* Base in Resources */,
			);
			runOnlyForDeploymentPostprocessing = 0;
		};
/* End PBXResourcesBuildPhase section */

/* Begin PBXSourcesBuildPhase section */
		F6D4B5F12C55BEE9005041E8 /* Sources */ = {
			isa = PBXSourcesBuildPhase;
			buildActionMask = 2147483647;
			files = (
				F6D4B5FD2C55BEE9005041E8 /* HomeVC.swift in Sources */,
				F6D4B5F92C55BEE9005041E8 /* AppDelegate.swift in Sources */,
				F6D4B5FB2C55BEE9005041E8 /* SceneDelegate.swift in Sources */,
				F6B7F99A2C56DCC50007AFC4 /* WeeklyForecastDetailRow.swift in Sources */,
				F6418B8F2C56E50B00DED462 /* CurrentWeather.swift in Sources */,
				F6D4B6132C55F367005041E8 /* HomeWeeklyForecastRow.swift in Sources */,
				F6D4B6112C55F355005041E8 /* HomeCarouselRow.swift in Sources */,
				F6D4B60F2C55F33E005041E8 /* HomeTopRow.swift in Sources */,
				F6418B922C56E87E00DED462 /* Api.swift in Sources */,
				F6D4B6172C560192005041E8 /* DailyForecastCell.swift in Sources */,
			);
			runOnlyForDeploymentPostprocessing = 0;
		};
/* End PBXSourcesBuildPhase section */

/* Begin PBXVariantGroup section */
		F6D4B5FE2C55BEE9005041E8 /* Main.storyboard */ = {
			isa = PBXVariantGroup;
			children = (
				F6D4B5FF2C55BEE9005041E8 /* Base */,
			);
			name = Main.storyboard;
			sourceTree = "<group>";
		};
		F6D4B6032C55BEEA005041E8 /* LaunchScreen.storyboard */ = {
			isa = PBXVariantGroup;
			children = (
				F6D4B6042C55BEEA005041E8 /* Base */,
			);
			name = LaunchScreen.storyboard;
			sourceTree = "<group>";
		};
/* End PBXVariantGroup section */

/* Begin XCBuildConfiguration section */
		F6D4B6072C55BEEA005041E8 /* Debug */ = {
			isa = XCBuildConfiguration;
			buildSettings = {
				ALWAYS_SEARCH_USER_PATHS = NO;
				ASSETCATALOG_COMPILER_GENERATE_SWIFT_ASSET_SYMBOL_EXTENSIONS = YES;
				CLANG_ANALYZER_NONNULL = YES;
				CLANG_ANALYZER_NUMBER_OBJECT_CONVERSION = YES_AGGRESSIVE;
				CLANG_CXX_LANGUAGE_STANDARD = "gnu++20";
				CLANG_ENABLE_MODULES = YES;
				CLANG_ENABLE_OBJC_ARC = YES;
				CLANG_ENABLE_OBJC_WEAK = YES;
				CLANG_WARN_BLOCK_CAPTURE_AUTORELEASING = YES;
				CLANG_WARN_BOOL_CONVERSION = YES;
				CLANG_WARN_COMMA = YES;
				CLANG_WARN_CONSTANT_CONVERSION = YES;
				CLANG_WARN_DEPRECATED_OBJC_IMPLEMENTATIONS = YES;
				CLANG_WARN_DIRECT_OBJC_ISA_USAGE = YES_ERROR;
				CLANG_WARN_DOCUMENTATION_COMMENTS = YES;
				CLANG_WARN_EMPTY_BODY = YES;
				CLANG_WARN_ENUM_CONVERSION = YES;
				CLANG_WARN_INFINITE_RECURSION = YES;
				CLANG_WARN_INT_CONVERSION = YES;
				CLANG_WARN_NON_LITERAL_NULL_CONVERSION = YES;
				CLANG_WARN_OBJC_IMPLICIT_RETAIN_SELF = YES;
				CLANG_WARN_OBJC_LITERAL_CONVERSION = YES;
				CLANG_WARN_OBJC_ROOT_CLASS = YES_ERROR;
				CLANG_WARN_QUOTED_INCLUDE_IN_FRAMEWORK_HEADER = YES;
				CLANG_WARN_RANGE_LOOP_ANALYSIS = YES;
				CLANG_WARN_STRICT_PROTOTYPES = YES;
				CLANG_WARN_SUSPICIOUS_MOVE = YES;
				CLANG_WARN_UNGUARDED_AVAILABILITY = YES_AGGRESSIVE;
				CLANG_WARN_UNREACHABLE_CODE = YES;
				CLANG_WARN__DUPLICATE_METHOD_MATCH = YES;
				COPY_PHASE_STRIP = NO;
				DEBUG_INFORMATION_FORMAT = dwarf;
				ENABLE_STRICT_OBJC_MSGSEND = YES;
				ENABLE_TESTABILITY = YES;
				ENABLE_USER_SCRIPT_SANDBOXING = YES;
				GCC_C_LANGUAGE_STANDARD = gnu17;
				GCC_DYNAMIC_NO_PIC = NO;
				GCC_NO_COMMON_BLOCKS = YES;
				GCC_OPTIMIZATION_LEVEL = 0;
				GCC_PREPROCESSOR_DEFINITIONS = (
					"DEBUG=1",
					"$(inherited)",
				);
				GCC_WARN_64_TO_32_BIT_CONVERSION = YES;
				GCC_WARN_ABOUT_RETURN_TYPE = YES_ERROR;
				GCC_WARN_UNDECLARED_SELECTOR = YES;
				GCC_WARN_UNINITIALIZED_AUTOS = YES_AGGRESSIVE;
				GCC_WARN_UNUSED_FUNCTION = YES;
				GCC_WARN_UNUSED_VARIABLE = YES;
				IPHONEOS_DEPLOYMENT_TARGET = 17.5;
				LOCALIZATION_PREFERS_STRING_CATALOGS = YES;
				MTL_ENABLE_DEBUG_INFO = INCLUDE_SOURCE;
				MTL_FAST_MATH = YES;
				ONLY_ACTIVE_ARCH = YES;
				SDKROOT = iphoneos;
				SWIFT_ACTIVE_COMPILATION_CONDITIONS = "DEBUG $(inherited)";
				SWIFT_OPTIMIZATION_LEVEL = "-Onone";
			};
			name = Debug;
		};
		F6D4B6082C55BEEA005041E8 /* Release */ = {
			isa = XCBuildConfiguration;
			buildSettings = {
				ALWAYS_SEARCH_USER_PATHS = NO;
				ASSETCATALOG_COMPILER_GENERATE_SWIFT_ASSET_SYMBOL_EXTENSIONS = YES;
				CLANG_ANALYZER_NONNULL = YES;
				CLANG_ANALYZER_NUMBER_OBJECT_CONVERSION = YES_AGGRESSIVE;
				CLANG_CXX_LANGUAGE_STANDARD = "gnu++20";
				CLANG_ENABLE_MODULES = YES;
				CLANG_ENABLE_OBJC_ARC = YES;
				CLANG_ENABLE_OBJC_WEAK = YES;
				CLANG_WARN_BLOCK_CAPTURE_AUTORELEASING = YES;
				CLANG_WARN_BOOL_CONVERSION = YES;
				CLANG_WARN_COMMA = YES;
				CLANG_WARN_CONSTANT_CONVERSION = YES;
				CLANG_WARN_DEPRECATED_OBJC_IMPLEMENTATIONS = YES;
				CLANG_WARN_DIRECT_OBJC_ISA_USAGE = YES_ERROR;
				CLANG_WARN_DOCUMENTATION_COMMENTS = YES;
				CLANG_WARN_EMPTY_BODY = YES;
				CLANG_WARN_ENUM_CONVERSION = YES;
				CLANG_WARN_INFINITE_RECURSION = YES;
				CLANG_WARN_INT_CONVERSION = YES;
				CLANG_WARN_NON_LITERAL_NULL_CONVERSION = YES;
				CLANG_WARN_OBJC_IMPLICIT_RETAIN_SELF = YES;
				CLANG_WARN_OBJC_LITERAL_CONVERSION = YES;
				CLANG_WARN_OBJC_ROOT_CLASS = YES_ERROR;
				CLANG_WARN_QUOTED_INCLUDE_IN_FRAMEWORK_HEADER = YES;
				CLANG_WARN_RANGE_LOOP_ANALYSIS = YES;
				CLANG_WARN_STRICT_PROTOTYPES = YES;
				CLANG_WARN_SUSPICIOUS_MOVE = YES;
				CLANG_WARN_UNGUARDED_AVAILABILITY = YES_AGGRESSIVE;
				CLANG_WARN_UNREACHABLE_CODE = YES;
				CLANG_WARN__DUPLICATE_METHOD_MATCH = YES;
				COPY_PHASE_STRIP = NO;
				DEBUG_INFORMATION_FORMAT = "dwarf-with-dsym";
				ENABLE_NS_ASSERTIONS = NO;
				ENABLE_STRICT_OBJC_MSGSEND = YES;
				ENABLE_USER_SCRIPT_SANDBOXING = YES;
				GCC_C_LANGUAGE_STANDARD = gnu17;
				GCC_NO_COMMON_BLOCKS = YES;
				GCC_WARN_64_TO_32_BIT_CONVERSION = YES;
				GCC_WARN_ABOUT_RETURN_TYPE = YES_ERROR;
				GCC_WARN_UNDECLARED_SELECTOR = YES;
				GCC_WARN_UNINITIALIZED_AUTOS = YES_AGGRESSIVE;
				GCC_WARN_UNUSED_FUNCTION = YES;
				GCC_WARN_UNUSED_VARIABLE = YES;
				IPHONEOS_DEPLOYMENT_TARGET = 17.5;
				LOCALIZATION_PREFERS_STRING_CATALOGS = YES;
				MTL_ENABLE_DEBUG_INFO = NO;
				MTL_FAST_MATH = YES;
				SDKROOT = iphoneos;
				SWIFT_COMPILATION_MODE = wholemodule;
				VALIDATE_PRODUCT = YES;
			};
			name = Release;
		};
		F6D4B60A2C55BEEA005041E8 /* Debug */ = {
			isa = XCBuildConfiguration;
			buildSettings = {
				ASSETCATALOG_COMPILER_APPICON_NAME = AppIcon;
				ASSETCATALOG_COMPILER_GLOBAL_ACCENT_COLOR_NAME = AccentColor;
				CODE_SIGN_STYLE = Automatic;
				CURRENT_PROJECT_VERSION = 1;
				DEVELOPMENT_TEAM = 47V2Q8N9K4;
				GENERATE_INFOPLIST_FILE = YES;
				INFOPLIST_FILE = WeatherApp/Info.plist;
				INFOPLIST_KEY_UIApplicationSupportsIndirectInputEvents = YES;
				INFOPLIST_KEY_UILaunchStoryboardName = LaunchScreen;
				INFOPLIST_KEY_UIMainStoryboardFile = Main;
				INFOPLIST_KEY_UISupportedInterfaceOrientations_iPad = "UIInterfaceOrientationPortrait UIInterfaceOrientationPortraitUpsideDown UIInterfaceOrientationLandscapeLeft UIInterfaceOrientationLandscapeRight";
				INFOPLIST_KEY_UISupportedInterfaceOrientations_iPhone = "UIInterfaceOrientationPortrait UIInterfaceOrientationLandscapeLeft UIInterfaceOrientationLandscapeRight";
				LD_RUNPATH_SEARCH_PATHS = (
					"$(inherited)",
					"@executable_path/Frameworks",
				);
				MARKETING_VERSION = 1.0;
				PRODUCT_BUNDLE_IDENTIFIER = com.kim.test.WeatherApp;
				PRODUCT_NAME = "$(TARGET_NAME)";
				SWIFT_EMIT_LOC_STRINGS = YES;
				SWIFT_VERSION = 5.0;
				TARGETED_DEVICE_FAMILY = "1,2";
			};
			name = Debug;
		};
		F6D4B60B2C55BEEA005041E8 /* Release */ = {
			isa = XCBuildConfiguration;
			buildSettings = {
				ASSETCATALOG_COMPILER_APPICON_NAME = AppIcon;
				ASSETCATALOG_COMPILER_GLOBAL_ACCENT_COLOR_NAME = AccentColor;
				CODE_SIGN_STYLE = Automatic;
				CURRENT_PROJECT_VERSION = 1;
				DEVELOPMENT_TEAM = 47V2Q8N9K4;
				GENERATE_INFOPLIST_FILE = YES;
				INFOPLIST_FILE = WeatherApp/Info.plist;
				INFOPLIST_KEY_UIApplicationSupportsIndirectInputEvents = YES;
				INFOPLIST_KEY_UILaunchStoryboardName = LaunchScreen;
				INFOPLIST_KEY_UIMainStoryboardFile = Main;
				INFOPLIST_KEY_UISupportedInterfaceOrientations_iPad = "UIInterfaceOrientationPortrait UIInterfaceOrientationPortraitUpsideDown UIInterfaceOrientationLandscapeLeft UIInterfaceOrientationLandscapeRight";
				INFOPLIST_KEY_UISupportedInterfaceOrientations_iPhone = "UIInterfaceOrientationPortrait UIInterfaceOrientationLandscapeLeft UIInterfaceOrientationLandscapeRight";
				LD_RUNPATH_SEARCH_PATHS = (
					"$(inherited)",
					"@executable_path/Frameworks",
				);
				MARKETING_VERSION = 1.0;
				PRODUCT_BUNDLE_IDENTIFIER = com.kim.test.WeatherApp;
				PRODUCT_NAME = "$(TARGET_NAME)";
				SWIFT_EMIT_LOC_STRINGS = YES;
				SWIFT_VERSION = 5.0;
				TARGETED_DEVICE_FAMILY = "1,2";
			};
			name = Release;
		};
/* End XCBuildConfiguration section */

/* Begin XCConfigurationList section */
		F6D4B5F02C55BEE9005041E8 /* Build configuration list for PBXProject "WeatherApp" */ = {
			isa = XCConfigurationList;
			buildConfigurations = (
				F6D4B6072C55BEEA005041E8 /* Debug */,
				F6D4B6082C55BEEA005041E8 /* Release */,
			);
			defaultConfigurationIsVisible = 0;
			defaultConfigurationName = Release;
		};
		F6D4B6092C55BEEA005041E8 /* Build configuration list for PBXNativeTarget "WeatherApp" */ = {
			isa = XCConfigurationList;
			buildConfigurations = (
				F6D4B60A2C55BEEA005041E8 /* Debug */,
				F6D4B60B2C55BEEA005041E8 /* Release */,
			);
			defaultConfigurationIsVisible = 0;
			defaultConfigurationName = Release;
		};
/* End XCConfigurationList section */
	};
	rootObject = F6D4B5ED2C55BEE9005041E8 /* Project object */;
}
